
Microsoft Visual Studio Solution File, Format Version 12.00
# Visual Studio Version 17
VisualStudioVersion = 17.0.31903.59
MinimumVisualStudioVersion = 10.0.40219.1
Project("{2150E333-8FDC-42A3-9474-1A3956D46DE8}") = "src", "src", "{211CB816-3980-46F8-ACB3-4037C84B8ECA}"
EndProject
Project("{2150E333-8FDC-42A3-9474-1A3956D46DE8}") = "publish", "publish", "{4529F9D7-CDCE-48CC-8428-2FFF05B6376B}"
EndProject
Project("{2150E333-8FDC-42A3-9474-1A3956D46DE8}") = "framework", "framework", "{88B9A6F4-C66D-4B9D-8CBD-38F857AB411C}"
EndProject
Project("{9A19103F-16F7-4668-BE54-9A1E7A4F7556}") = "RevitPluginFramework", "..\RevitPluginFramework\RevitPluginFramework.csproj", "{CA51D84B-CECF-4EC6-9EDF-B568117D83E7}"
EndProject
Project("{9A19103F-16F7-4668-BE54-9A1E7A4F7556}") = "Installer", "publish\Installer\Installer.csproj", "{585C6B25-5A04-4396-A8BE-F14F282E8B88}"
EndProject
Project("{9A19103F-16F7-4668-BE54-9A1E7A4F7556}") = "RDStudio.Application", "src\RDStudio.Application\RDStudio.Application.csproj", "{93388F95-D5E9-4B15-AB23-79546178D6BC}"
EndProject
Project("{2150E333-8FDC-42A3-9474-1A3956D46DE8}") = "ui", "ui", "{CE3E74F6-98ED-4ECC-BFA5-A7F5655F45D1}"
EndProject
Project("{2150E333-8FDC-42A3-9474-1A3956D46DE8}") = "extensions", "extensions", "{A82BBD72-E5BD-4E7F-9FBE-19255E86E9E5}"
EndProject
Project("{9A19103F-16F7-4668-BE54-9A1E7A4F7556}") = "RevitPluginUI", "..\RevitPluginUI\RevitPluginUI.csproj", "{C6B36B5F-80FC-4597-A540-9EF0602B8F19}"
EndProject
Project("{9A19103F-16F7-4668-BE54-9A1E7A4F7556}") = "RevitPluginExtensions", "..\RevitPluginExtensions\RevitPluginExtensions.csproj", "{6B73B6F1-39C1-4AA6-B435-917880D5E266}"
EndProject
Project("{9A19103F-16F7-4668-BE54-9A1E7A4F7556}") = "RDStudio.Core", "src\RDStudio.Core\RDStudio.Core.csproj", "{8867CBEA-8A18-46E2-975A-8ACE80A283CD}"
EndProject
Project("{9A19103F-16F7-4668-BE54-9A1E7A4F7556}") = "RDStudio.DeepPurge", "src\RDStudio.DeepPurge\RDStudio.DeepPurge.csproj", "{9D0C35D2-A57D-402A-8B53-0A22791F66B2}"
EndProject
Project("{9A19103F-16F7-4668-BE54-9A1E7A4F7556}") = "Build", "publish\Build\Build.csproj", "{71EEC05B-76A2-4A38-A77F-89C531354D2D}"
EndProject
Global
	GlobalSection(SolutionConfigurationPlatforms) = preSolution
		Debug 2020|Any CPU = Debug 2020|Any CPU
		Debug 2021|Any CPU = Debug 2021|Any CPU
		Debug 2022|Any CPU = Debug 2022|Any CPU
		Debug 2023|Any CPU = Debug 2023|Any CPU
		Debug 2024|Any CPU = Debug 2024|Any CPU
		Debug 2025|Any CPU = Debug 2025|Any CPU
		Debug|Any CPU = Debug|Any CPU
		Release 2020|Any CPU = Release 2020|Any CPU
		Release 2021|Any CPU = Release 2021|Any CPU
		Release 2022|Any CPU = Release 2022|Any CPU
		Release 2023|Any CPU = Release 2023|Any CPU
		Release 2024|Any CPU = Release 2024|Any CPU
		Release 2025|Any CPU = Release 2025|Any CPU
		Release|Any CPU = Release|Any CPU
	EndGlobalSection
	GlobalSection(ProjectConfigurationPlatforms) = postSolution
		{CA51D84B-CECF-4EC6-9EDF-B568117D83E7}.Debug 2020|Any CPU.ActiveCfg = Debug 2020|Any CPU
		{CA51D84B-CECF-4EC6-9EDF-B568117D83E7}.Debug 2020|Any CPU.Build.0 = Debug 2020|Any CPU
		{CA51D84B-CECF-4EC6-9EDF-B568117D83E7}.Debug 2021|Any CPU.ActiveCfg = Debug 2021|Any CPU
		{CA51D84B-CECF-4EC6-9EDF-B568117D83E7}.Debug 2021|Any CPU.Build.0 = Debug 2021|Any CPU
		{CA51D84B-CECF-4EC6-9EDF-B568117D83E7}.Debug 2022|Any CPU.ActiveCfg = Debug 2022|Any CPU
		{CA51D84B-CECF-4EC6-9EDF-B568117D83E7}.Debug 2022|Any CPU.Build.0 = Debug 2022|Any CPU
		{CA51D84B-CECF-4EC6-9EDF-B568117D83E7}.Debug 2023|Any CPU.ActiveCfg = Debug 2023|Any CPU
		{CA51D84B-CECF-4EC6-9EDF-B568117D83E7}.Debug 2023|Any CPU.Build.0 = Debug 2023|Any CPU
		{CA51D84B-CECF-4EC6-9EDF-B568117D83E7}.Debug 2024|Any CPU.ActiveCfg = Debug 2024|Any CPU
		{CA51D84B-CECF-4EC6-9EDF-B568117D83E7}.Debug 2024|Any CPU.Build.0 = Debug 2024|Any CPU
		{CA51D84B-CECF-4EC6-9EDF-B568117D83E7}.Debug 2025|Any CPU.ActiveCfg = Debug 2025|Any CPU
		{CA51D84B-CECF-4EC6-9EDF-B568117D83E7}.Debug 2025|Any CPU.Build.0 = Debug 2025|Any CPU
		{CA51D84B-CECF-4EC6-9EDF-B568117D83E7}.Debug|Any CPU.ActiveCfg = Debug 2025|Any CPU
		{CA51D84B-CECF-4EC6-9EDF-B568117D83E7}.Debug|Any CPU.Build.0 = Debug 2025|Any CPU
		{CA51D84B-CECF-4EC6-9EDF-B568117D83E7}.Release 2020|Any CPU.ActiveCfg = Release 2020|Any CPU
		{CA51D84B-CECF-4EC6-9EDF-B568117D83E7}.Release 2020|Any CPU.Build.0 = Release 2020|Any CPU
		{CA51D84B-CECF-4EC6-9EDF-B568117D83E7}.Release 2021|Any CPU.ActiveCfg = Release 2021|Any CPU
		{CA51D84B-CECF-4EC6-9EDF-B568117D83E7}.Release 2021|Any CPU.Build.0 = Release 2021|Any CPU
		{CA51D84B-CECF-4EC6-9EDF-B568117D83E7}.Release 2022|Any CPU.ActiveCfg = Release 2022|Any CPU
		{CA51D84B-CECF-4EC6-9EDF-B568117D83E7}.Release 2022|Any CPU.Build.0 = Release 2022|Any CPU
		{CA51D84B-CECF-4EC6-9EDF-B568117D83E7}.Release 2023|Any CPU.ActiveCfg = Release 2023|Any CPU
		{CA51D84B-CECF-4EC6-9EDF-B568117D83E7}.Release 2023|Any CPU.Build.0 = Release 2023|Any CPU
		{CA51D84B-CECF-4EC6-9EDF-B568117D83E7}.Release 2024|Any CPU.ActiveCfg = Release 2024|Any CPU
		{CA51D84B-CECF-4EC6-9EDF-B568117D83E7}.Release 2024|Any CPU.Build.0 = Release 2024|Any CPU
		{CA51D84B-CECF-4EC6-9EDF-B568117D83E7}.Release 2025|Any CPU.ActiveCfg = Release 2025|Any CPU
		{CA51D84B-CECF-4EC6-9EDF-B568117D83E7}.Release 2025|Any CPU.Build.0 = Release 2025|Any CPU
		{CA51D84B-CECF-4EC6-9EDF-B568117D83E7}.Release|Any CPU.ActiveCfg = Release 2025|Any CPU
		{CA51D84B-CECF-4EC6-9EDF-B568117D83E7}.Release|Any CPU.Build.0 = Release 2025|Any CPU
		{585C6B25-5A04-4396-A8BE-F14F282E8B88}.Debug 2020|Any CPU.ActiveCfg = Debug|Any CPU
		{585C6B25-5A04-4396-A8BE-F14F282E8B88}.Debug 2020|Any CPU.Build.0 = Debug|Any CPU
		{585C6B25-5A04-4396-A8BE-F14F282E8B88}.Debug 2021|Any CPU.ActiveCfg = Debug|Any CPU
		{585C6B25-5A04-4396-A8BE-F14F282E8B88}.Debug 2021|Any CPU.Build.0 = Debug|Any CPU
		{585C6B25-5A04-4396-A8BE-F14F282E8B88}.Debug 2022|Any CPU.ActiveCfg = Debug|Any CPU
		{585C6B25-5A04-4396-A8BE-F14F282E8B88}.Debug 2022|Any CPU.Build.0 = Debug|Any CPU
		{585C6B25-5A04-4396-A8BE-F14F282E8B88}.Debug 2023|Any CPU.ActiveCfg = Debug|Any CPU
		{585C6B25-5A04-4396-A8BE-F14F282E8B88}.Debug 2023|Any CPU.Build.0 = Debug|Any CPU
		{585C6B25-5A04-4396-A8BE-F14F282E8B88}.Debug 2024|Any CPU.ActiveCfg = Debug|Any CPU
		{585C6B25-5A04-4396-A8BE-F14F282E8B88}.Debug 2024|Any CPU.Build.0 = Debug|Any CPU
		{585C6B25-5A04-4396-A8BE-F14F282E8B88}.Debug 2025|Any CPU.ActiveCfg = Debug|Any CPU
		{585C6B25-5A04-4396-A8BE-F14F282E8B88}.Debug 2025|Any CPU.Build.0 = Debug|Any CPU
		{585C6B25-5A04-4396-A8BE-F14F282E8B88}.Debug|Any CPU.ActiveCfg = Debug|Any CPU
		{585C6B25-5A04-4396-A8BE-F14F282E8B88}.Debug|Any CPU.Build.0 = Debug|Any CPU
		{585C6B25-5A04-4396-A8BE-F14F282E8B88}.Release 2020|Any CPU.ActiveCfg = Release|Any CPU
		{585C6B25-5A04-4396-A8BE-F14F282E8B88}.Release 2020|Any CPU.Build.0 = Release|Any CPU
		{585C6B25-5A04-4396-A8BE-F14F282E8B88}.Release 2021|Any CPU.ActiveCfg = Release|Any CPU
		{585C6B25-5A04-4396-A8BE-F14F282E8B88}.Release 2021|Any CPU.Build.0 = Release|Any CPU
		{585C6B25-5A04-4396-A8BE-F14F282E8B88}.Release 2022|Any CPU.ActiveCfg = Release|Any CPU
		{585C6B25-5A04-4396-A8BE-F14F282E8B88}.Release 2022|Any CPU.Build.0 = Release|Any CPU
		{585C6B25-5A04-4396-A8BE-F14F282E8B88}.Release 2023|Any CPU.ActiveCfg = Release|Any CPU
		{585C6B25-5A04-4396-A8BE-F14F282E8B88}.Release 2023|Any CPU.Build.0 = Release|Any CPU
		{585C6B25-5A04-4396-A8BE-F14F282E8B88}.Release 2024|Any CPU.ActiveCfg = Release|Any CPU
		{585C6B25-5A04-4396-A8BE-F14F282E8B88}.Release 2024|Any CPU.Build.0 = Release|Any CPU
		{585C6B25-5A04-4396-A8BE-F14F282E8B88}.Release 2025|Any CPU.ActiveCfg = Release|Any CPU
		{585C6B25-5A04-4396-A8BE-F14F282E8B88}.Release 2025|Any CPU.Build.0 = Release|Any CPU
		{585C6B25-5A04-4396-A8BE-F14F282E8B88}.Release|Any CPU.ActiveCfg = Release|Any CPU
		{585C6B25-5A04-4396-A8BE-F14F282E8B88}.Release|Any CPU.Build.0 = Release|Any CPU
		{93388F95-D5E9-4B15-AB23-79546178D6BC}.Debug 2020|Any CPU.ActiveCfg = Debug 2020|Any CPU
		{93388F95-D5E9-4B15-AB23-79546178D6BC}.Debug 2020|Any CPU.Build.0 = Debug 2020|Any CPU
		{93388F95-D5E9-4B15-AB23-79546178D6BC}.Debug 2021|Any CPU.ActiveCfg = Debug 2021|Any CPU
		{93388F95-D5E9-4B15-AB23-79546178D6BC}.Debug 2021|Any CPU.Build.0 = Debug 2021|Any CPU
		{93388F95-D5E9-4B15-AB23-79546178D6BC}.Debug 2022|Any CPU.ActiveCfg = Debug 2022|Any CPU
		{93388F95-D5E9-4B15-AB23-79546178D6BC}.Debug 2022|Any CPU.Build.0 = Debug 2022|Any CPU
		{93388F95-D5E9-4B15-AB23-79546178D6BC}.Debug 2023|Any CPU.ActiveCfg = Debug 2023|Any CPU
		{93388F95-D5E9-4B15-AB23-79546178D6BC}.Debug 2023|Any CPU.Build.0 = Debug 2023|Any CPU
		{93388F95-D5E9-4B15-AB23-79546178D6BC}.Debug 2024|Any CPU.ActiveCfg = Debug 2024|Any CPU
		{93388F95-D5E9-4B15-AB23-79546178D6BC}.Debug 2024|Any CPU.Build.0 = Debug 2024|Any CPU
		{93388F95-D5E9-4B15-AB23-79546178D6BC}.Debug 2025|Any CPU.ActiveCfg = Debug 2025|Any CPU
		{93388F95-D5E9-4B15-AB23-79546178D6BC}.Debug 2025|Any CPU.Build.0 = Debug 2025|Any CPU
		{93388F95-D5E9-4B15-AB23-79546178D6BC}.Debug|Any CPU.ActiveCfg = Debug 2025|Any CPU
		{93388F95-D5E9-4B15-AB23-79546178D6BC}.Debug|Any CPU.Build.0 = Debug 2025|Any CPU
		{93388F95-D5E9-4B15-AB23-79546178D6BC}.Release 2020|Any CPU.ActiveCfg = Release 2020|Any CPU
		{93388F95-D5E9-4B15-AB23-79546178D6BC}.Release 2020|Any CPU.Build.0 = Release 2020|Any CPU
		{93388F95-D5E9-4B15-AB23-79546178D6BC}.Release 2021|Any CPU.ActiveCfg = Release 2021|Any CPU
		{93388F95-D5E9-4B15-AB23-79546178D6BC}.Release 2021|Any CPU.Build.0 = Release 2021|Any CPU
		{93388F95-D5E9-4B15-AB23-79546178D6BC}.Release 2022|Any CPU.ActiveCfg = Release 2022|Any CPU
		{93388F95-D5E9-4B15-AB23-79546178D6BC}.Release 2022|Any CPU.Build.0 = Release 2022|Any CPU
		{93388F95-D5E9-4B15-AB23-79546178D6BC}.Release 2023|Any CPU.ActiveCfg = Release 2023|Any CPU
		{93388F95-D5E9-4B15-AB23-79546178D6BC}.Release 2023|Any CPU.Build.0 = Release 2023|Any CPU
		{93388F95-D5E9-4B15-AB23-79546178D6BC}.Release 2024|Any CPU.ActiveCfg = Release 2024|Any CPU
		{93388F95-D5E9-4B15-AB23-79546178D6BC}.Release 2024|Any CPU.Build.0 = Release 2024|Any CPU
		{93388F95-D5E9-4B15-AB23-79546178D6BC}.Release 2025|Any CPU.ActiveCfg = Release 2025|Any CPU
		{93388F95-D5E9-4B15-AB23-79546178D6BC}.Release 2025|Any CPU.Build.0 = Release 2025|Any CPU
		{93388F95-D5E9-4B15-AB23-79546178D6BC}.Release|Any CPU.ActiveCfg = Release 2025|Any CPU
		{93388F95-D5E9-4B15-AB23-79546178D6BC}.Release|Any CPU.Build.0 = Release 2025|Any CPU
		{C6B36B5F-80FC-4597-A540-9EF0602B8F19}.Debug 2020|Any CPU.ActiveCfg = Debug 2020|Any CPU
		{C6B36B5F-80FC-4597-A540-9EF0602B8F19}.Debug 2020|Any CPU.Build.0 = Debug 2020|Any CPU
		{C6B36B5F-80FC-4597-A540-9EF0602B8F19}.Debug 2021|Any CPU.ActiveCfg = Debug 2021|Any CPU
		{C6B36B5F-80FC-4597-A540-9EF0602B8F19}.Debug 2021|Any CPU.Build.0 = Debug 2021|Any CPU
		{C6B36B5F-80FC-4597-A540-9EF0602B8F19}.Debug 2022|Any CPU.ActiveCfg = Debug 2022|Any CPU
		{C6B36B5F-80FC-4597-A540-9EF0602B8F19}.Debug 2022|Any CPU.Build.0 = Debug 2022|Any CPU
		{C6B36B5F-80FC-4597-A540-9EF0602B8F19}.Debug 2023|Any CPU.ActiveCfg = Debug 2023|Any CPU
		{C6B36B5F-80FC-4597-A540-9EF0602B8F19}.Debug 2023|Any CPU.Build.0 = Debug 2023|Any CPU
		{C6B36B5F-80FC-4597-A540-9EF0602B8F19}.Debug 2024|Any CPU.ActiveCfg = Debug 2024|Any CPU
		{C6B36B5F-80FC-4597-A540-9EF0602B8F19}.Debug 2024|Any CPU.Build.0 = Debug 2024|Any CPU
		{C6B36B5F-80FC-4597-A540-9EF0602B8F19}.Debug 2025|Any CPU.ActiveCfg = Debug 2025|Any CPU
		{C6B36B5F-80FC-4597-A540-9EF0602B8F19}.Debug 2025|Any CPU.Build.0 = Debug 2025|Any CPU
		{C6B36B5F-80FC-4597-A540-9EF0602B8F19}.Debug|Any CPU.ActiveCfg = Debug 2025|Any CPU
		{C6B36B5F-80FC-4597-A540-9EF0602B8F19}.Debug|Any CPU.Build.0 = Debug 2025|Any CPU
		{C6B36B5F-80FC-4597-A540-9EF0602B8F19}.Release 2020|Any CPU.ActiveCfg = Release 2020|Any CPU
		{C6B36B5F-80FC-4597-A540-9EF0602B8F19}.Release 2020|Any CPU.Build.0 = Release 2020|Any CPU
		{C6B36B5F-80FC-4597-A540-9EF0602B8F19}.Release 2021|Any CPU.ActiveCfg = Release 2021|Any CPU
		{C6B36B5F-80FC-4597-A540-9EF0602B8F19}.Release 2021|Any CPU.Build.0 = Release 2021|Any CPU
		{C6B36B5F-80FC-4597-A540-9EF0602B8F19}.Release 2022|Any CPU.ActiveCfg = Release 2022|Any CPU
		{C6B36B5F-80FC-4597-A540-9EF0602B8F19}.Release 2022|Any CPU.Build.0 = Release 2022|Any CPU
		{C6B36B5F-80FC-4597-A540-9EF0602B8F19}.Release 2023|Any CPU.ActiveCfg = Release 2023|Any CPU
		{C6B36B5F-80FC-4597-A540-9EF0602B8F19}.Release 2023|Any CPU.Build.0 = Release 2023|Any CPU
		{C6B36B5F-80FC-4597-A540-9EF0602B8F19}.Release 2024|Any CPU.ActiveCfg = Release 2024|Any CPU
		{C6B36B5F-80FC-4597-A540-9EF0602B8F19}.Release 2024|Any CPU.Build.0 = Release 2024|Any CPU
		{C6B36B5F-80FC-4597-A540-9EF0602B8F19}.Release 2025|Any CPU.ActiveCfg = Release 2025|Any CPU
		{C6B36B5F-80FC-4597-A540-9EF0602B8F19}.Release 2025|Any CPU.Build.0 = Release 2025|Any CPU
		{C6B36B5F-80FC-4597-A540-9EF0602B8F19}.Release|Any CPU.ActiveCfg = Release 2025|Any CPU
		{C6B36B5F-80FC-4597-A540-9EF0602B8F19}.Release|Any CPU.Build.0 = Release 2025|Any CPU
		{6B73B6F1-39C1-4AA6-B435-917880D5E266}.Debug 2020|Any CPU.ActiveCfg = Debug 2020|Any CPU
		{6B73B6F1-39C1-4AA6-B435-917880D5E266}.Debug 2020|Any CPU.Build.0 = Debug 2020|Any CPU
		{6B73B6F1-39C1-4AA6-B435-917880D5E266}.Debug 2021|Any CPU.ActiveCfg = Debug 2021|Any CPU
		{6B73B6F1-39C1-4AA6-B435-917880D5E266}.Debug 2021|Any CPU.Build.0 = Debug 2021|Any CPU
		{6B73B6F1-39C1-4AA6-B435-917880D5E266}.Debug 2022|Any CPU.ActiveCfg = Debug 2022|Any CPU
		{6B73B6F1-39C1-4AA6-B435-917880D5E266}.Debug 2022|Any CPU.Build.0 = Debug 2022|Any CPU
		{6B73B6F1-39C1-4AA6-B435-917880D5E266}.Debug 2023|Any CPU.ActiveCfg = Debug 2023|Any CPU
		{6B73B6F1-39C1-4AA6-B435-917880D5E266}.Debug 2023|Any CPU.Build.0 = Debug 2023|Any CPU
		{6B73B6F1-39C1-4AA6-B435-917880D5E266}.Debug 2024|Any CPU.ActiveCfg = Debug 2024|Any CPU
		{6B73B6F1-39C1-4AA6-B435-917880D5E266}.Debug 2024|Any CPU.Build.0 = Debug 2024|Any CPU
		{6B73B6F1-39C1-4AA6-B435-917880D5E266}.Debug 2025|Any CPU.ActiveCfg = Debug 2025|Any CPU
		{6B73B6F1-39C1-4AA6-B435-917880D5E266}.Debug 2025|Any CPU.Build.0 = Debug 2025|Any CPU
		{6B73B6F1-39C1-4AA6-B435-917880D5E266}.Debug|Any CPU.ActiveCfg = Debug 2025|Any CPU
		{6B73B6F1-39C1-4AA6-B435-917880D5E266}.Debug|Any CPU.Build.0 = Debug 2025|Any CPU
		{6B73B6F1-39C1-4AA6-B435-917880D5E266}.Release 2020|Any CPU.ActiveCfg = Release 2020|Any CPU
		{6B73B6F1-39C1-4AA6-B435-917880D5E266}.Release 2020|Any CPU.Build.0 = Release 2020|Any CPU
		{6B73B6F1-39C1-4AA6-B435-917880D5E266}.Release 2021|Any CPU.ActiveCfg = Release 2021|Any CPU
		{6B73B6F1-39C1-4AA6-B435-917880D5E266}.Release 2021|Any CPU.Build.0 = Release 2021|Any CPU
		{6B73B6F1-39C1-4AA6-B435-917880D5E266}.Release 2022|Any CPU.ActiveCfg = Release 2022|Any CPU
		{6B73B6F1-39C1-4AA6-B435-917880D5E266}.Release 2022|Any CPU.Build.0 = Release 2022|Any CPU
		{6B73B6F1-39C1-4AA6-B435-917880D5E266}.Release 2023|Any CPU.ActiveCfg = Release 2023|Any CPU
		{6B73B6F1-39C1-4AA6-B435-917880D5E266}.Release 2023|Any CPU.Build.0 = Release 2023|Any CPU
		{6B73B6F1-39C1-4AA6-B435-917880D5E266}.Release 2024|Any CPU.ActiveCfg = Release 2024|Any CPU
		{6B73B6F1-39C1-4AA6-B435-917880D5E266}.Release 2024|Any CPU.Build.0 = Release 2024|Any CPU
		{6B73B6F1-39C1-4AA6-B435-917880D5E266}.Release 2025|Any CPU.ActiveCfg = Release 2025|Any CPU
		{6B73B6F1-39C1-4AA6-B435-917880D5E266}.Release 2025|Any CPU.Build.0 = Release 2025|Any CPU
		{6B73B6F1-39C1-4AA6-B435-917880D5E266}.Release|Any CPU.ActiveCfg = Release 2025|Any CPU
		{6B73B6F1-39C1-4AA6-B435-917880D5E266}.Release|Any CPU.Build.0 = Release 2025|Any CPU
		{8867CBEA-8A18-46E2-975A-8ACE80A283CD}.Debug 2020|Any CPU.ActiveCfg = Debug 2020|Any CPU
		{8867CBEA-8A18-46E2-975A-8ACE80A283CD}.Debug 2020|Any CPU.Build.0 = Debug 2020|Any CPU
		{8867CBEA-8A18-46E2-975A-8ACE80A283CD}.Debug 2021|Any CPU.ActiveCfg = Debug 2021|Any CPU
		{8867CBEA-8A18-46E2-975A-8ACE80A283CD}.Debug 2021|Any CPU.Build.0 = Debug 2021|Any CPU
		{8867CBEA-8A18-46E2-975A-8ACE80A283CD}.Debug 2022|Any CPU.ActiveCfg = Debug 2022|Any CPU
		{8867CBEA-8A18-46E2-975A-8ACE80A283CD}.Debug 2022|Any CPU.Build.0 = Debug 2022|Any CPU
		{8867CBEA-8A18-46E2-975A-8ACE80A283CD}.Debug 2023|Any CPU.ActiveCfg = Debug 2023|Any CPU
		{8867CBEA-8A18-46E2-975A-8ACE80A283CD}.Debug 2023|Any CPU.Build.0 = Debug 2023|Any CPU
		{8867CBEA-8A18-46E2-975A-8ACE80A283CD}.Debug 2024|Any CPU.ActiveCfg = Debug 2024|Any CPU
		{8867CBEA-8A18-46E2-975A-8ACE80A283CD}.Debug 2024|Any CPU.Build.0 = Debug 2024|Any CPU
		{8867CBEA-8A18-46E2-975A-8ACE80A283CD}.Debug 2025|Any CPU.ActiveCfg = Debug 2025|Any CPU
		{8867CBEA-8A18-46E2-975A-8ACE80A283CD}.Debug 2025|Any CPU.Build.0 = Debug 2025|Any CPU
		{8867CBEA-8A18-46E2-975A-8ACE80A283CD}.Debug|Any CPU.ActiveCfg = Debug 2025|Any CPU
		{8867CBEA-8A18-46E2-975A-8ACE80A283CD}.Debug|Any CPU.Build.0 = Debug 2025|Any CPU
		{8867CBEA-8A18-46E2-975A-8ACE80A283CD}.Release 2020|Any CPU.ActiveCfg = Release 2020|Any CPU
		{8867CBEA-8A18-46E2-975A-8ACE80A283CD}.Release 2020|Any CPU.Build.0 = Release 2020|Any CPU
		{8867CBEA-8A18-46E2-975A-8ACE80A283CD}.Release 2021|Any CPU.ActiveCfg = Release 2021|Any CPU
		{8867CBEA-8A18-46E2-975A-8ACE80A283CD}.Release 2021|Any CPU.Build.0 = Release 2021|Any CPU
		{8867CBEA-8A18-46E2-975A-8ACE80A283CD}.Release 2022|Any CPU.ActiveCfg = Release 2022|Any CPU
		{8867CBEA-8A18-46E2-975A-8ACE80A283CD}.Release 2022|Any CPU.Build.0 = Release 2022|Any CPU
		{8867CBEA-8A18-46E2-975A-8ACE80A283CD}.Release 2023|Any CPU.ActiveCfg = Release 2023|Any CPU
		{8867CBEA-8A18-46E2-975A-8ACE80A283CD}.Release 2023|Any CPU.Build.0 = Release 2023|Any CPU
		{8867CBEA-8A18-46E2-975A-8ACE80A283CD}.Release 2024|Any CPU.ActiveCfg = Release 2024|Any CPU
		{8867CBEA-8A18-46E2-975A-8ACE80A283CD}.Release 2024|Any CPU.Build.0 = Release 2024|Any CPU
		{8867CBEA-8A18-46E2-975A-8ACE80A283CD}.Release 2025|Any CPU.ActiveCfg = Release 2025|Any CPU
		{8867CBEA-8A18-46E2-975A-8ACE80A283CD}.Release 2025|Any CPU.Build.0 = Release 2025|Any CPU
		{8867CBEA-8A18-46E2-975A-8ACE80A283CD}.Release|Any CPU.ActiveCfg = Release 2025|Any CPU
		{8867CBEA-8A18-46E2-975A-8ACE80A283CD}.Release|Any CPU.Build.0 = Release 2025|Any CPU
		{9D0C35D2-A57D-402A-8B53-0A22791F66B2}.Debug 2020|Any CPU.ActiveCfg = Debug 2020|Any CPU
		{9D0C35D2-A57D-402A-8B53-0A22791F66B2}.Debug 2020|Any CPU.Build.0 = Debug 2020|Any CPU
		{9D0C35D2-A57D-402A-8B53-0A22791F66B2}.Debug 2021|Any CPU.ActiveCfg = Debug 2021|Any CPU
		{9D0C35D2-A57D-402A-8B53-0A22791F66B2}.Debug 2021|Any CPU.Build.0 = Debug 2021|Any CPU
		{9D0C35D2-A57D-402A-8B53-0A22791F66B2}.Debug 2022|Any CPU.ActiveCfg = Debug 2022|Any CPU
		{9D0C35D2-A57D-402A-8B53-0A22791F66B2}.Debug 2022|Any CPU.Build.0 = Debug 2022|Any CPU
		{9D0C35D2-A57D-402A-8B53-0A22791F66B2}.Debug 2023|Any CPU.ActiveCfg = Debug 2023|Any CPU
		{9D0C35D2-A57D-402A-8B53-0A22791F66B2}.Debug 2023|Any CPU.Build.0 = Debug 2023|Any CPU
		{9D0C35D2-A57D-402A-8B53-0A22791F66B2}.Debug 2024|Any CPU.ActiveCfg = Debug 2024|Any CPU
		{9D0C35D2-A57D-402A-8B53-0A22791F66B2}.Debug 2024|Any CPU.Build.0 = Debug 2024|Any CPU
		{9D0C35D2-A57D-402A-8B53-0A22791F66B2}.Debug 2025|Any CPU.ActiveCfg = Debug 2025|Any CPU
		{9D0C35D2-A57D-402A-8B53-0A22791F66B2}.Debug 2025|Any CPU.Build.0 = Debug 2025|Any CPU
		{9D0C35D2-A57D-402A-8B53-0A22791F66B2}.Debug|Any CPU.ActiveCfg = Debug 2025|Any CPU
		{9D0C35D2-A57D-402A-8B53-0A22791F66B2}.Debug|Any CPU.Build.0 = Debug 2025|Any CPU
		{9D0C35D2-A57D-402A-8B53-0A22791F66B2}.Release 2020|Any CPU.ActiveCfg = Release 2020|Any CPU
		{9D0C35D2-A57D-402A-8B53-0A22791F66B2}.Release 2020|Any CPU.Build.0 = Release 2020|Any CPU
		{9D0C35D2-A57D-402A-8B53-0A22791F66B2}.Release 2021|Any CPU.ActiveCfg = Release 2021|Any CPU
		{9D0C35D2-A57D-402A-8B53-0A22791F66B2}.Release 2021|Any CPU.Build.0 = Release 2021|Any CPU
		{9D0C35D2-A57D-402A-8B53-0A22791F66B2}.Release 2022|Any CPU.ActiveCfg = Release 2022|Any CPU
		{9D0C35D2-A57D-402A-8B53-0A22791F66B2}.Release 2022|Any CPU.Build.0 = Release 2022|Any CPU
		{9D0C35D2-A57D-402A-8B53-0A22791F66B2}.Release 2023|Any CPU.ActiveCfg = Release 2023|Any CPU
		{9D0C35D2-A57D-402A-8B53-0A22791F66B2}.Release 2023|Any CPU.Build.0 = Release 2023|Any CPU
		{9D0C35D2-A57D-402A-8B53-0A22791F66B2}.Release 2024|Any CPU.ActiveCfg = Release 2024|Any CPU
		{9D0C35D2-A57D-402A-8B53-0A22791F66B2}.Release 2024|Any CPU.Build.0 = Release 2024|Any CPU
		{9D0C35D2-A57D-402A-8B53-0A22791F66B2}.Release 2025|Any CPU.ActiveCfg = Release 2025|Any CPU
		{9D0C35D2-A57D-402A-8B53-0A22791F66B2}.Release 2025|Any CPU.Build.0 = Release 2025|Any CPU
		{9D0C35D2-A57D-402A-8B53-0A22791F66B2}.Release|Any CPU.ActiveCfg = Release 2025|Any CPU
		{9D0C35D2-A57D-402A-8B53-0A22791F66B2}.Release|Any CPU.Build.0 = Release 2025|Any CPU
		{71EEC05B-76A2-4A38-A77F-89C531354D2D}.Debug 2020|Any CPU.ActiveCfg = Debug|Any CPU
		{71EEC05B-76A2-4A38-A77F-89C531354D2D}.Debug 2020|Any CPU.Build.0 = Debug|Any CPU
		{71EEC05B-76A2-4A38-A77F-89C531354D2D}.Debug 2021|Any CPU.ActiveCfg = Debug|Any CPU
		{71EEC05B-76A2-4A38-A77F-89C531354D2D}.Debug 2021|Any CPU.Build.0 = Debug|Any CPU
		{71EEC05B-76A2-4A38-A77F-89C531354D2D}.Debug 2022|Any CPU.ActiveCfg = Debug|Any CPU
		{71EEC05B-76A2-4A38-A77F-89C531354D2D}.Debug 2022|Any CPU.Build.0 = Debug|Any CPU
		{71EEC05B-76A2-4A38-A77F-89C531354D2D}.Debug 2023|Any CPU.ActiveCfg = Debug|Any CPU
		{71EEC05B-76A2-4A38-A77F-89C531354D2D}.Debug 2023|Any CPU.Build.0 = Debug|Any CPU
		{71EEC05B-76A2-4A38-A77F-89C531354D2D}.Debug 2024|Any CPU.ActiveCfg = Debug|Any CPU
		{71EEC05B-76A2-4A38-A77F-89C531354D2D}.Debug 2024|Any CPU.Build.0 = Debug|Any CPU
		{71EEC05B-76A2-4A38-A77F-89C531354D2D}.Debug 2025|Any CPU.ActiveCfg = Debug|Any CPU
		{71EEC05B-76A2-4A38-A77F-89C531354D2D}.Debug 2025|Any CPU.Build.0 = Debug|Any CPU
		{71EEC05B-76A2-4A38-A77F-89C531354D2D}.Debug|Any CPU.ActiveCfg = Debug|Any CPU
		{71EEC05B-76A2-4A38-A77F-89C531354D2D}.Debug|Any CPU.Build.0 = Debug|Any CPU
		{71EEC05B-76A2-4A38-A77F-89C531354D2D}.Release 2020|Any CPU.ActiveCfg = Release|Any CPU
		{71EEC05B-76A2-4A38-A77F-89C531354D2D}.Release 2020|Any CPU.Build.0 = Release|Any CPU
		{71EEC05B-76A2-4A38-A77F-89C531354D2D}.Release 2021|Any CPU.ActiveCfg = Release|Any CPU
		{71EEC05B-76A2-4A38-A77F-89C531354D2D}.Release 2021|Any CPU.Build.0 = Release|Any CPU
		{71EEC05B-76A2-4A38-A77F-89C531354D2D}.Release 2022|Any CPU.ActiveCfg = Release|Any CPU
		{71EEC05B-76A2-4A38-A77F-89C531354D2D}.Release 2022|Any CPU.Build.0 = Release|Any CPU
		{71EEC05B-76A2-4A38-A77F-89C531354D2D}.Release 2023|Any CPU.ActiveCfg = Release|Any CPU
		{71EEC05B-76A2-4A38-A77F-89C531354D2D}.Release 2023|Any CPU.Build.0 = Release|Any CPU
		{71EEC05B-76A2-4A38-A77F-89C531354D2D}.Release 2024|Any CPU.ActiveCfg = Release|Any CPU
		{71EEC05B-76A2-4A38-A77F-89C531354D2D}.Release 2024|Any CPU.Build.0 = Release|Any CPU
		{71EEC05B-76A2-4A38-A77F-89C531354D2D}.Release 2025|Any CPU.ActiveCfg = Release|Any CPU
		{71EEC05B-76A2-4A38-A77F-89C531354D2D}.Release 2025|Any CPU.Build.0 = Release|Any CPU
		{71EEC05B-76A2-4A38-A77F-89C531354D2D}.Release|Any CPU.ActiveCfg = Release|Any CPU
		{71EEC05B-76A2-4A38-A77F-89C531354D2D}.Release|Any CPU.Build.0 = Release|Any CPU
	EndGlobalSection
	GlobalSection(SolutionProperties) = preSolution
		HideSolutionNode = FALSE
	EndGlobalSection
	GlobalSection(NestedProjects) = preSolution
		{CA51D84B-CECF-4EC6-9EDF-B568117D83E7} = {88B9A6F4-C66D-4B9D-8CBD-38F857AB411C}
		{585C6B25-5A04-4396-A8BE-F14F282E8B88} = {4529F9D7-CDCE-48CC-8428-2FFF05B6376B}
		{93388F95-D5E9-4B15-AB23-79546178D6BC} = {211CB816-3980-46F8-ACB3-4037C84B8ECA}
		{C6B36B5F-80FC-4597-A540-9EF0602B8F19} = {CE3E74F6-98ED-4ECC-BFA5-A7F5655F45D1}
		{6B73B6F1-39C1-4AA6-B435-917880D5E266} = {A82BBD72-E5BD-4E7F-9FBE-19255E86E9E5}
		{8867CBEA-8A18-46E2-975A-8ACE80A283CD} = {211CB816-3980-46F8-ACB3-4037C84B8ECA}
		{9D0C35D2-A57D-402A-8B53-0A22791F66B2} = {211CB816-3980-46F8-ACB3-4037C84B8ECA}
		{71EEC05B-76A2-4A38-A77F-89C531354D2D} = {4529F9D7-CDCE-48CC-8428-2FFF05B6376B}
	EndGlobalSection
	GlobalSection(ExtensibilityGlobals) = postSolution
		SolutionGuid = {48343043-243F-4BA5-B2A0-77F35141BA2F}
	EndGlobalSection
EndGlobal
